// !$*UTF8*$!
{
	archiveVersion = 1;
	classes = {
	};
	objectVersion = 56;
	objects = {

/* Begin PBXBuildFile section */
		CE8008002BB6134600012238 /* image1.jpg in Resources */ = {isa = PBXBuildFile; fileRef = CE8007FF2BB6134600012238 /* image1.jpg */; };
		CE8008062BB6B99400012238 /* Onboarding1.swift in Sources */ = {isa = PBXBuildFile; fileRef = CE8008052BB6B99400012238 /* Onboarding1.swift */; };
		CE80080F2BB6FBC400012238 /* Onboarding2.swift in Sources */ = {isa = PBXBuildFile; fileRef = CE80080E2BB6FBC400012238 /* Onboarding2.swift */; };
		CE80081A2BB7023700012238 /* logo.png in Resources */ = {isa = PBXBuildFile; fileRef = CE8008152BB7023700012238 /* logo.png */; };
		CE80081B2BB7023700012238 /* Onboarding1.png in Resources */ = {isa = PBXBuildFile; fileRef = CE8008162BB7023700012238 /* Onboarding1.png */; };
		CE80081C2BB7023700012238 /* Onboarding2.png in Resources */ = {isa = PBXBuildFile; fileRef = CE8008172BB7023700012238 /* Onboarding2.png */; };
		CE80081D2BB7023700012238 /* Onboarding3.png in Resources */ = {isa = PBXBuildFile; fileRef = CE8008182BB7023700012238 /* Onboarding3.png */; };
		CE80081F2BB7026B00012238 /* Onboarding3.swift in Sources */ = {isa = PBXBuildFile; fileRef = CE80081E2BB7026B00012238 /* Onboarding3.swift */; };
		CE8008212BB8A34500012238 /* SignUpDefault.swift in Sources */ = {isa = PBXBuildFile; fileRef = CE8008202BB8A34500012238 /* SignUpDefault.swift */; };
		CE8008422BBB573F00012238 /* OFL.txt in Resources */ = {isa = PBXBuildFile; fileRef = CE80082C2BBB573F00012238 /* OFL.txt */; };
		CE8008432BBB573F00012238 /* Poppins-Black.ttf in Resources */ = {isa = PBXBuildFile; fileRef = CE80082D2BBB573F00012238 /* Poppins-Black.ttf */; };
		CE8008442BBB573F00012238 /* Poppins-BlackItalic.ttf in Resources */ = {isa = PBXBuildFile; fileRef = CE80082E2BBB573F00012238 /* Poppins-BlackItalic.ttf */; };
		CE8008452BBB573F00012238 /* Poppins-Bold.ttf in Resources */ = {isa = PBXBuildFile; fileRef = CE80082F2BBB573F00012238 /* Poppins-Bold.ttf */; };
		CE8008462BBB573F00012238 /* Poppins-BoldItalic.ttf in Resources */ = {isa = PBXBuildFile; fileRef = CE8008302BBB573F00012238 /* Poppins-BoldItalic.ttf */; };
		CE8008472BBB573F00012238 /* Poppins-ExtraBold.ttf in Resources */ = {isa = PBXBuildFile; fileRef = CE8008312BBB573F00012238 /* Poppins-ExtraBold.ttf */; };
		CE8008482BBB573F00012238 /* Poppins-ExtraBoldItalic.ttf in Resources */ = {isa = PBXBuildFile; fileRef = CE8008322BBB573F00012238 /* Poppins-ExtraBoldItalic.ttf */; };
		CE8008492BBB573F00012238 /* Poppins-ExtraLight.ttf in Resources */ = {isa = PBXBuildFile; fileRef = CE8008332BBB573F00012238 /* Poppins-ExtraLight.ttf */; };
		CE80084A2BBB573F00012238 /* Poppins-ExtraLightItalic.ttf in Resources */ = {isa = PBXBuildFile; fileRef = CE8008342BBB573F00012238 /* Poppins-ExtraLightItalic.ttf */; };
		CE80084B2BBB573F00012238 /* Poppins-Italic.ttf in Resources */ = {isa = PBXBuildFile; fileRef = CE8008352BBB573F00012238 /* Poppins-Italic.ttf */; };
		CE80084C2BBB573F00012238 /* Poppins-Light.ttf in Resources */ = {isa = PBXBuildFile; fileRef = CE8008362BBB573F00012238 /* Poppins-Light.ttf */; };
		CE80084D2BBB573F00012238 /* Poppins-LightItalic.ttf in Resources */ = {isa = PBXBuildFile; fileRef = CE8008372BBB573F00012238 /* Poppins-LightItalic.ttf */; };
		CE80084E2BBB573F00012238 /* Poppins-Medium.ttf in Resources */ = {isa = PBXBuildFile; fileRef = CE8008382BBB573F00012238 /* Poppins-Medium.ttf */; };
		CE80084F2BBB573F00012238 /* Poppins-MediumItalic.ttf in Resources */ = {isa = PBXBuildFile; fileRef = CE8008392BBB573F00012238 /* Poppins-MediumItalic.ttf */; };
		CE8008502BBB573F00012238 /* Poppins-Regular.ttf in Resources */ = {isa = PBXBuildFile; fileRef = CE80083A2BBB573F00012238 /* Poppins-Regular.ttf */; };
		CE8008512BBB573F00012238 /* Poppins-SemiBold.ttf in Resources */ = {isa = PBXBuildFile; fileRef = CE80083B2BBB573F00012238 /* Poppins-SemiBold.ttf */; };
		CE8008522BBB573F00012238 /* Poppins-SemiBoldItalic.ttf in Resources */ = {isa = PBXBuildFile; fileRef = CE80083C2BBB573F00012238 /* Poppins-SemiBoldItalic.ttf */; };
		CE8008532BBB573F00012238 /* Poppins-Thin.ttf in Resources */ = {isa = PBXBuildFile; fileRef = CE80083D2BBB573F00012238 /* Poppins-Thin.ttf */; };
		CE8008542BBB573F00012238 /* Poppins-ThinItalic.ttf in Resources */ = {isa = PBXBuildFile; fileRef = CE80083E2BBB573F00012238 /* Poppins-ThinItalic.ttf */; };
		CE8008552BBB573F00012238 /* Poppins-1.zip in Resources */ = {isa = PBXBuildFile; fileRef = CE8008402BBB573F00012238 /* Poppins-1.zip */; };
		CE8008572BBB68D700012238 /* Homepage.swift in Sources */ = {isa = PBXBuildFile; fileRef = CE8008562BBB68D700012238 /* Homepage.swift */; };
		CE8008592BBBE00900012238 /* Test.swift in Sources */ = {isa = PBXBuildFile; fileRef = CE8008582BBBE00900012238 /* Test.swift */; };
		CE80085B2BBC1DE700012238 /* Desireless - Voyage, Voyage.mp3 in Resources */ = {isa = PBXBuildFile; fileRef = CE80085A2BBC1DE700012238 /* Desireless - Voyage, Voyage.mp3 */; };
		CE80085D2BBCA68C00012238 /* apple-logo.png in Resources */ = {isa = PBXBuildFile; fileRef = CE80085C2BBCA68C00012238 /* apple-logo.png */; };
		CE80085F2BBCAB0A00012238 /* google-logo.png in Resources */ = {isa = PBXBuildFile; fileRef = CE80085E2BBCAB0A00012238 /* google-logo.png */; };
		CE8008612BBCB26100012238 /* WelcomebackDefault.swift in Sources */ = {isa = PBXBuildFile; fileRef = CE8008602BBCB26100012238 /* WelcomebackDefault.swift */; };
		CED99AAE2BB5FC0E0071055A /* AppDelegate.swift in Sources */ = {isa = PBXBuildFile; fileRef = CED99AAD2BB5FC0E0071055A /* AppDelegate.swift */; };
		CED99AB02BB5FC0E0071055A /* SceneDelegate.swift in Sources */ = {isa = PBXBuildFile; fileRef = CED99AAF2BB5FC0E0071055A /* SceneDelegate.swift */; };
		CED99AB22BB5FC0E0071055A /* ViewController.swift in Sources */ = {isa = PBXBuildFile; fileRef = CED99AB12BB5FC0E0071055A /* ViewController.swift */; };
		CED99AB52BB5FC0E0071055A /* Base in Resources */ = {isa = PBXBuildFile; fileRef = CED99AB42BB5FC0E0071055A /* Base */; };
		CED99AB72BB5FC100071055A /* Assets.xcassets in Resources */ = {isa = PBXBuildFile; fileRef = CED99AB62BB5FC100071055A /* Assets.xcassets */; };
		CED99ABA2BB5FC100071055A /* Base in Resources */ = {isa = PBXBuildFile; fileRef = CED99AB92BB5FC100071055A /* Base */; };
/* End PBXBuildFile section */

/* Begin PBXFileReference section */
		CE8007FF2BB6134600012238 /* image1.jpg */ = {isa = PBXFileReference; lastKnownFileType = image.jpeg; name = image1.jpg; path = ../../../image1.jpg; sourceTree = "<group>"; };
		CE8008052BB6B99400012238 /* Onboarding1.swift */ = {isa = PBXFileReference; lastKnownFileType = sourcecode.swift; path = Onboarding1.swift; sourceTree = "<group>"; };
		CE80080E2BB6FBC400012238 /* Onboarding2.swift */ = {isa = PBXFileReference; lastKnownFileType = sourcecode.swift; path = Onboarding2.swift; sourceTree = "<group>"; };
		CE8008152BB7023700012238 /* logo.png */ = {isa = PBXFileReference; lastKnownFileType = image.png; path = logo.png; sourceTree = "<group>"; };
		CE8008162BB7023700012238 /* Onboarding1.png */ = {isa = PBXFileReference; lastKnownFileType = image.png; path = Onboarding1.png; sourceTree = "<group>"; };
		CE8008172BB7023700012238 /* Onboarding2.png */ = {isa = PBXFileReference; lastKnownFileType = image.png; path = Onboarding2.png; sourceTree = "<group>"; };
		CE8008182BB7023700012238 /* Onboarding3.png */ = {isa = PBXFileReference; lastKnownFileType = image.png; path = Onboarding3.png; sourceTree = "<group>"; };
		CE80081E2BB7026B00012238 /* Onboarding3.swift */ = {isa = PBXFileReference; lastKnownFileType = sourcecode.swift; path = Onboarding3.swift; sourceTree = "<group>"; };
		CE8008202BB8A34500012238 /* SignUpDefault.swift */ = {isa = PBXFileReference; lastKnownFileType = sourcecode.swift; path = SignUpDefault.swift; sourceTree = "<group>"; };
		CE80082C2BBB573F00012238 /* OFL.txt */ = {isa = PBXFileReference; fileEncoding = 4; lastKnownFileType = text; path = OFL.txt; sourceTree = "<group>"; };
		CE80082D2BBB573F00012238 /* Poppins-Black.ttf */ = {isa = PBXFileReference; lastKnownFileType = file; path = "Poppins-Black.ttf"; sourceTree = "<group>"; };
		CE80082E2BBB573F00012238 /* Poppins-BlackItalic.ttf */ = {isa = PBXFileReference; lastKnownFileType = file; path = "Poppins-BlackItalic.ttf"; sourceTree = "<group>"; };
		CE80082F2BBB573F00012238 /* Poppins-Bold.ttf */ = {isa = PBXFileReference; lastKnownFileType = file; path = "Poppins-Bold.ttf"; sourceTree = "<group>"; };
		CE8008302BBB573F00012238 /* Poppins-BoldItalic.ttf */ = {isa = PBXFileReference; lastKnownFileType = file; path = "Poppins-BoldItalic.ttf"; sourceTree = "<group>"; };
		CE8008312BBB573F00012238 /* Poppins-ExtraBold.ttf */ = {isa = PBXFileReference; lastKnownFileType = file; path = "Poppins-ExtraBold.ttf"; sourceTree = "<group>"; };
		CE8008322BBB573F00012238 /* Poppins-ExtraBoldItalic.ttf */ = {isa = PBXFileReference; lastKnownFileType = file; path = "Poppins-ExtraBoldItalic.ttf"; sourceTree = "<group>"; };
		CE8008332BBB573F00012238 /* Poppins-ExtraLight.ttf */ = {isa = PBXFileReference; lastKnownFileType = file; path = "Poppins-ExtraLight.ttf"; sourceTree = "<group>"; };
		CE8008342BBB573F00012238 /* Poppins-ExtraLightItalic.ttf */ = {isa = PBXFileReference; lastKnownFileType = file; path = "Poppins-ExtraLightItalic.ttf"; sourceTree = "<group>"; };
		CE8008352BBB573F00012238 /* Poppins-Italic.ttf */ = {isa = PBXFileReference; lastKnownFileType = file; path = "Poppins-Italic.ttf"; sourceTree = "<group>"; };
		CE8008362BBB573F00012238 /* Poppins-Light.ttf */ = {isa = PBXFileReference; lastKnownFileType = file; path = "Poppins-Light.ttf"; sourceTree = "<group>"; };
		CE8008372BBB573F00012238 /* Poppins-LightItalic.ttf */ = {isa = PBXFileReference; lastKnownFileType = file; path = "Poppins-LightItalic.ttf"; sourceTree = "<group>"; };
		CE8008382BBB573F00012238 /* Poppins-Medium.ttf */ = {isa = PBXFileReference; lastKnownFileType = file; path = "Poppins-Medium.ttf"; sourceTree = "<group>"; };
		CE8008392BBB573F00012238 /* Poppins-MediumItalic.ttf */ = {isa = PBXFileReference; lastKnownFileType = file; path = "Poppins-MediumItalic.ttf"; sourceTree = "<group>"; };
		CE80083A2BBB573F00012238 /* Poppins-Regular.ttf */ = {isa = PBXFileReference; lastKnownFileType = file; path = "Poppins-Regular.ttf"; sourceTree = "<group>"; };
		CE80083B2BBB573F00012238 /* Poppins-SemiBold.ttf */ = {isa = PBXFileReference; lastKnownFileType = file; path = "Poppins-SemiBold.ttf"; sourceTree = "<group>"; };
		CE80083C2BBB573F00012238 /* Poppins-SemiBoldItalic.ttf */ = {isa = PBXFileReference; lastKnownFileType = file; path = "Poppins-SemiBoldItalic.ttf"; sourceTree = "<group>"; };
		CE80083D2BBB573F00012238 /* Poppins-Thin.ttf */ = {isa = PBXFileReference; lastKnownFileType = file; path = "Poppins-Thin.ttf"; sourceTree = "<group>"; };
		CE80083E2BBB573F00012238 /* Poppins-ThinItalic.ttf */ = {isa = PBXFileReference; lastKnownFileType = file; path = "Poppins-ThinItalic.ttf"; sourceTree = "<group>"; };
		CE8008402BBB573F00012238 /* Poppins-1.zip */ = {isa = PBXFileReference; lastKnownFileType = archive.zip; path = "Poppins-1.zip"; sourceTree = "<group>"; };
		CE8008562BBB68D700012238 /* Homepage.swift */ = {isa = PBXFileReference; lastKnownFileType = sourcecode.swift; path = Homepage.swift; sourceTree = "<group>"; };
		CE8008582BBBE00900012238 /* Test.swift */ = {isa = PBXFileReference; lastKnownFileType = sourcecode.swift; path = Test.swift; sourceTree = "<group>"; };
		CE80085A2BBC1DE700012238 /* Desireless - Voyage, Voyage.mp3 */ = {isa = PBXFileReference; lastKnownFileType = audio.mp3; name = "Desireless - Voyage, Voyage.mp3"; path = "../../../Desireless - Voyage, Voyage.mp3"; sourceTree = "<group>"; };
		CE80085C2BBCA68C00012238 /* apple-logo.png */ = {isa = PBXFileReference; lastKnownFileType = image.png; name = "apple-logo.png"; path = "../../Downloads/apple-logo.png"; sourceTree = "<group>"; };
		CE80085E2BBCAB0A00012238 /* google-logo.png */ = {isa = PBXFileReference; lastKnownFileType = image.png; name = "google-logo.png"; path = "../../Downloads/google-logo.png"; sourceTree = "<group>"; };
		CE8008602BBCB26100012238 /* WelcomebackDefault.swift */ = {isa = PBXFileReference; lastKnownFileType = sourcecode.swift; path = WelcomebackDefault.swift; sourceTree = "<group>"; };
		CED99AAA2BB5FC0E0071055A /* Finance App.app */ = {isa = PBXFileReference; explicitFileType = wrapper.application; includeInIndex = 0; path = "Finance App.app"; sourceTree = BUILT_PRODUCTS_DIR; };
		CED99AAD2BB5FC0E0071055A /* AppDelegate.swift */ = {isa = PBXFileReference; lastKnownFileType = sourcecode.swift; path = AppDelegate.swift; sourceTree = "<group>"; };
		CED99AAF2BB5FC0E0071055A /* SceneDelegate.swift */ = {isa = PBXFileReference; lastKnownFileType = sourcecode.swift; path = SceneDelegate.swift; sourceTree = "<group>"; };
		CED99AB12BB5FC0E0071055A /* ViewController.swift */ = {isa = PBXFileReference; lastKnownFileType = sourcecode.swift; path = ViewController.swift; sourceTree = "<group>"; };
		CED99AB42BB5FC0E0071055A /* Base */ = {isa = PBXFileReference; lastKnownFileType = file.storyboard; name = Base; path = Base.lproj/Main.storyboard; sourceTree = "<group>"; };
		CED99AB62BB5FC100071055A /* Assets.xcassets */ = {isa = PBXFileReference; lastKnownFileType = folder.assetcatalog; path = Assets.xcassets; sourceTree = "<group>"; };
		CED99AB92BB5FC100071055A /* Base */ = {isa = PBXFileReference; lastKnownFileType = file.storyboard; name = Base; path = Base.lproj/LaunchScreen.storyboard; sourceTree = "<group>"; };
		CED99ABB2BB5FC100071055A /* Info.plist */ = {isa = PBXFileReference; lastKnownFileType = text.plist.xml; path = Info.plist; sourceTree = "<group>"; };
/* End PBXFileReference section */

/* Begin PBXFrameworksBuildPhase section */
		CED99AA72BB5FC0E0071055A /* Frameworks */ = {
			isa = PBXFrameworksBuildPhase;
			buildActionMask = 2147483647;
			files = (
			);
			runOnlyForDeploymentPostprocessing = 0;
		};
/* End PBXFrameworksBuildPhase section */

/* Begin PBXGroup section */
		CE8008192BB7023700012238 /* Finance App Pictures */ = {
			isa = PBXGroup;
			children = (
				CE80085E2BBCAB0A00012238 /* google-logo.png */,
				CE80085C2BBCA68C00012238 /* apple-logo.png */,
				CE8008152BB7023700012238 /* logo.png */,
				CE8008162BB7023700012238 /* Onboarding1.png */,
				CE8008172BB7023700012238 /* Onboarding2.png */,
				CE8008182BB7023700012238 /* Onboarding3.png */,
			);
			name = "Finance App Pictures";
			path = "../../../Finance App Pictures";
			sourceTree = "<group>";
		};
		CE80083F2BBB573F00012238 /* Poppins-1 */ = {
			isa = PBXGroup;
			children = (
				CE80082C2BBB573F00012238 /* OFL.txt */,
				CE80082D2BBB573F00012238 /* Poppins-Black.ttf */,
				CE80082E2BBB573F00012238 /* Poppins-BlackItalic.ttf */,
				CE80082F2BBB573F00012238 /* Poppins-Bold.ttf */,
				CE8008302BBB573F00012238 /* Poppins-BoldItalic.ttf */,
				CE8008312BBB573F00012238 /* Poppins-ExtraBold.ttf */,
				CE8008322BBB573F00012238 /* Poppins-ExtraBoldItalic.ttf */,
				CE8008332BBB573F00012238 /* Poppins-ExtraLight.ttf */,
				CE8008342BBB573F00012238 /* Poppins-ExtraLightItalic.ttf */,
				CE8008352BBB573F00012238 /* Poppins-Italic.ttf */,
				CE8008362BBB573F00012238 /* Poppins-Light.ttf */,
				CE8008372BBB573F00012238 /* Poppins-LightItalic.ttf */,
				CE8008382BBB573F00012238 /* Poppins-Medium.ttf */,
				CE8008392BBB573F00012238 /* Poppins-MediumItalic.ttf */,
				CE80083A2BBB573F00012238 /* Poppins-Regular.ttf */,
				CE80083B2BBB573F00012238 /* Poppins-SemiBold.ttf */,
				CE80083C2BBB573F00012238 /* Poppins-SemiBoldItalic.ttf */,
				CE80083D2BBB573F00012238 /* Poppins-Thin.ttf */,
				CE80083E2BBB573F00012238 /* Poppins-ThinItalic.ttf */,
			);
			path = "Poppins-1";
			sourceTree = "<group>";
		};
		CE8008412BBB573F00012238 /* Fonts */ = {
			isa = PBXGroup;
			children = (
				CE80083F2BBB573F00012238 /* Poppins-1 */,
				CE8008402BBB573F00012238 /* Poppins-1.zip */,
			);
			name = Fonts;
			path = ../../../Fonts;
			sourceTree = "<group>";
		};
		CED99AA12BB5FC0E0071055A = {
			isa = PBXGroup;
			children = (
				CED99AAC2BB5FC0E0071055A /* Finance App */,
				CED99AAB2BB5FC0E0071055A /* Products */,
			);
			sourceTree = "<group>";
		};
		CED99AAB2BB5FC0E0071055A /* Products */ = {
			isa = PBXGroup;
			children = (
				CED99AAA2BB5FC0E0071055A /* Finance App.app */,
			);
			name = Products;
			sourceTree = "<group>";
		};
		CED99AAC2BB5FC0E0071055A /* Finance App */ = {
			isa = PBXGroup;
			children = (
				CED99AAD2BB5FC0E0071055A /* AppDelegate.swift */,
				CED99AAF2BB5FC0E0071055A /* SceneDelegate.swift */,
				CE8008562BBB68D700012238 /* Homepage.swift */,
				CE8008582BBBE00900012238 /* Test.swift */,
				CE8008202BB8A34500012238 /* SignUpDefault.swift */,
				CE8008602BBCB26100012238 /* WelcomebackDefault.swift */,
				CED99AB12BB5FC0E0071055A /* ViewController.swift */,
				CE8008052BB6B99400012238 /* Onboarding1.swift */,
				CE80080E2BB6FBC400012238 /* Onboarding2.swift */,
				CE80081E2BB7026B00012238 /* Onboarding3.swift */,
				CE8008412BBB573F00012238 /* Fonts */,
				CE8008192BB7023700012238 /* Finance App Pictures */,
				CE8007FF2BB6134600012238 /* image1.jpg */,
				CE80085A2BBC1DE700012238 /* Desireless - Voyage, Voyage.mp3 */,
				CED99AB32BB5FC0E0071055A /* Main.storyboard */,
				CED99AB62BB5FC100071055A /* Assets.xcassets */,
				CED99AB82BB5FC100071055A /* LaunchScreen.storyboard */,
				CED99ABB2BB5FC100071055A /* Info.plist */,
			);
			path = "Finance App";
			sourceTree = "<group>";
		};
/* End PBXGroup section */

/* Begin PBXNativeTarget section */
		CED99AA92BB5FC0E0071055A /* Finance App */ = {
			isa = PBXNativeTarget;
			buildConfigurationList = CED99ABE2BB5FC100071055A /* Build configuration list for PBXNativeTarget "Finance App" */;
			buildPhases = (
				CED99AA62BB5FC0E0071055A /* Sources */,
				CED99AA72BB5FC0E0071055A /* Frameworks */,
				CED99AA82BB5FC0E0071055A /* Resources */,
			);
			buildRules = (
			);
			dependencies = (
			);
			name = "Finance App";
			productName = "Finance App";
			productReference = CED99AAA2BB5FC0E0071055A /* Finance App.app */;
			productType = "com.apple.product-type.application";
		};
/* End PBXNativeTarget section */

/* Begin PBXProject section */
		CED99AA22BB5FC0E0071055A /* Project object */ = {
			isa = PBXProject;
			attributes = {
				BuildIndependentTargetsInParallel = 1;
				LastSwiftUpdateCheck = 1530;
				LastUpgradeCheck = 1530;
				TargetAttributes = {
					CED99AA92BB5FC0E0071055A = {
						CreatedOnToolsVersion = 15.3;
					};
				};
			};
			buildConfigurationList = CED99AA52BB5FC0E0071055A /* Build configuration list for PBXProject "Finance App" */;
			compatibilityVersion = "Xcode 14.0";
			developmentRegion = en;
			hasScannedForEncodings = 0;
			knownRegions = (
				en,
				Base,
			);
			mainGroup = CED99AA12BB5FC0E0071055A;
			productRefGroup = CED99AAB2BB5FC0E0071055A /* Products */;
			projectDirPath = "";
			projectRoot = "";
			targets = (
				CED99AA92BB5FC0E0071055A /* Finance App */,
			);
		};
/* End PBXProject section */

/* Begin PBXResourcesBuildPhase section */
		CED99AA82BB5FC0E0071055A /* Resources */ = {
			isa = PBXResourcesBuildPhase;
			buildActionMask = 2147483647;
			files = (
				CE8008432BBB573F00012238 /* Poppins-Black.ttf in Resources */,
				CE80085F2BBCAB0A00012238 /* google-logo.png in Resources */,
				CE8008532BBB573F00012238 /* Poppins-Thin.ttf in Resources */,
				CE80085B2BBC1DE700012238 /* Desireless - Voyage, Voyage.mp3 in Resources */,
				CE80084F2BBB573F00012238 /* Poppins-MediumItalic.ttf in Resources */,
				CE8008542BBB573F00012238 /* Poppins-ThinItalic.ttf in Resources */,
				CE8008442BBB573F00012238 /* Poppins-BlackItalic.ttf in Resources */,
				CE80084A2BBB573F00012238 /* Poppins-ExtraLightItalic.ttf in Resources */,
				CE8008502BBB573F00012238 /* Poppins-Regular.ttf in Resources */,
				CE8008522BBB573F00012238 /* Poppins-SemiBoldItalic.ttf in Resources */,
				CE80081D2BB7023700012238 /* Onboarding3.png in Resources */,
				CE8008422BBB573F00012238 /* OFL.txt in Resources */,
				CE80081B2BB7023700012238 /* Onboarding1.png in Resources */,
				CED99AB72BB5FC100071055A /* Assets.xcassets in Resources */,
				CE80084C2BBB573F00012238 /* Poppins-Light.ttf in Resources */,
				CE80081A2BB7023700012238 /* logo.png in Resources */,
				CE80081C2BB7023700012238 /* Onboarding2.png in Resources */,
				CE8008462BBB573F00012238 /* Poppins-BoldItalic.ttf in Resources */,
				CE8008452BBB573F00012238 /* Poppins-Bold.ttf in Resources */,
				CE8008002BB6134600012238 /* image1.jpg in Resources */,
				CE8008492BBB573F00012238 /* Poppins-ExtraLight.ttf in Resources */,
				CE8008512BBB573F00012238 /* Poppins-SemiBold.ttf in Resources */,
				CE80084E2BBB573F00012238 /* Poppins-Medium.ttf in Resources */,
				CE8008472BBB573F00012238 /* Poppins-ExtraBold.ttf in Resources */,
				CED99ABA2BB5FC100071055A /* Base in Resources */,
				CED99AB52BB5FC0E0071055A /* Base in Resources */,
				CE80084B2BBB573F00012238 /* Poppins-Italic.ttf in Resources */,
				CE8008552BBB573F00012238 /* Poppins-1.zip in Resources */,
				CE8008482BBB573F00012238 /* Poppins-ExtraBoldItalic.ttf in Resources */,
				CE80084D2BBB573F00012238 /* Poppins-LightItalic.ttf in Resources */,
				CE80085D2BBCA68C00012238 /* apple-logo.png in Resources */,
			);
			runOnlyForDeploymentPostprocessing = 0;
		};
/* End PBXResourcesBuildPhase section */

/* Begin PBXSourcesBuildPhase section */
		CED99AA62BB5FC0E0071055A /* Sources */ = {
			isa = PBXSourcesBuildPhase;
			buildActionMask = 2147483647;
			files = (
				CE80081F2BB7026B00012238 /* Onboarding3.swift in Sources */,
				CE8008062BB6B99400012238 /* Onboarding1.swift in Sources */,
				CE8008592BBBE00900012238 /* Test.swift in Sources */,
				CE8008212BB8A34500012238 /* SignUpDefault.swift in Sources */,
				CED99AB22BB5FC0E0071055A /* ViewController.swift in Sources */,
				CE8008612BBCB26100012238 /* WelcomebackDefault.swift in Sources */,
				CE80080F2BB6FBC400012238 /* Onboarding2.swift in Sources */,
				CED99AAE2BB5FC0E0071055A /* AppDelegate.swift in Sources */,
				CED99AB02BB5FC0E0071055A /* SceneDelegate.swift in Sources */,
				CE8008572BBB68D700012238 /* Homepage.swift in Sources */,
			);
			runOnlyForDeploymentPostprocessing = 0;
		};
/* End PBXSourcesBuildPhase section */

/* Begin PBXVariantGroup section */
		CED99AB32BB5FC0E0071055A /* Main.storyboard */ = {
			isa = PBXVariantGroup;
			children = (
				CED99AB42BB5FC0E0071055A /* Base */,
			);
			name = Main.storyboard;
			sourceTree = "<group>";
		};
		CED99AB82BB5FC100071055A /* LaunchScreen.storyboard */ = {
			isa = PBXVariantGroup;
			children = (
				CED99AB92BB5FC100071055A /* Base */,
			);
			name = LaunchScreen.storyboard;
			sourceTree = "<group>";
		};
/* End PBXVariantGroup section */

/* Begin XCBuildConfiguration section */
		CED99ABC2BB5FC100071055A /* Debug */ = {
			isa = XCBuildConfiguration;
			buildSettings = {
				ALWAYS_SEARCH_USER_PATHS = NO;
				ASSETCATALOG_COMPILER_GENERATE_SWIFT_ASSET_SYMBOL_EXTENSIONS = YES;
				CLANG_ANALYZER_NONNULL = YES;
				CLANG_ANALYZER_NUMBER_OBJECT_CONVERSION = YES_AGGRESSIVE;
				CLANG_CXX_LANGUAGE_STANDARD = "gnu++20";
				CLANG_ENABLE_MODULES = YES;
				CLANG_ENABLE_OBJC_ARC = YES;
				CLANG_ENABLE_OBJC_WEAK = YES;
				CLANG_WARN_BLOCK_CAPTURE_AUTORELEASING = YES;
				CLANG_WARN_BOOL_CONVERSION = YES;
				CLANG_WARN_COMMA = YES;
				CLANG_WARN_CONSTANT_CONVERSION = YES;
				CLANG_WARN_DEPRECATED_OBJC_IMPLEMENTATIONS = YES;
				CLANG_WARN_DIRECT_OBJC_ISA_USAGE = YES_ERROR;
				CLANG_WARN_DOCUMENTATION_COMMENTS = YES;
				CLANG_WARN_EMPTY_BODY = YES;
				CLANG_WARN_ENUM_CONVERSION = YES;
				CLANG_WARN_INFINITE_RECURSION = YES;
				CLANG_WARN_INT_CONVERSION = YES;
				CLANG_WARN_NON_LITERAL_NULL_CONVERSION = YES;
				CLANG_WARN_OBJC_IMPLICIT_RETAIN_SELF = YES;
				CLANG_WARN_OBJC_LITERAL_CONVERSION = YES;
				CLANG_WARN_OBJC_ROOT_CLASS = YES_ERROR;
				CLANG_WARN_QUOTED_INCLUDE_IN_FRAMEWORK_HEADER = YES;
				CLANG_WARN_RANGE_LOOP_ANALYSIS = YES;
				CLANG_WARN_STRICT_PROTOTYPES = YES;
				CLANG_WARN_SUSPICIOUS_MOVE = YES;
				CLANG_WARN_UNGUARDED_AVAILABILITY = YES_AGGRESSIVE;
				CLANG_WARN_UNREACHABLE_CODE = YES;
				CLANG_WARN__DUPLICATE_METHOD_MATCH = YES;
				COPY_PHASE_STRIP = NO;
				DEBUG_INFORMATION_FORMAT = dwarf;
				ENABLE_STRICT_OBJC_MSGSEND = YES;
				ENABLE_TESTABILITY = YES;
				ENABLE_USER_SCRIPT_SANDBOXING = YES;
				GCC_C_LANGUAGE_STANDARD = gnu17;
				GCC_DYNAMIC_NO_PIC = NO;
				GCC_NO_COMMON_BLOCKS = YES;
				GCC_OPTIMIZATION_LEVEL = 0;
				GCC_PREPROCESSOR_DEFINITIONS = (
					"DEBUG=1",
					"$(inherited)",
				);
				GCC_WARN_64_TO_32_BIT_CONVERSION = YES;
				GCC_WARN_ABOUT_RETURN_TYPE = YES_ERROR;
				GCC_WARN_UNDECLARED_SELECTOR = YES;
				GCC_WARN_UNINITIALIZED_AUTOS = YES_AGGRESSIVE;
				GCC_WARN_UNUSED_FUNCTION = YES;
				GCC_WARN_UNUSED_VARIABLE = YES;
				IPHONEOS_DEPLOYMENT_TARGET = 17.4;
				LOCALIZATION_PREFERS_STRING_CATALOGS = YES;
				MTL_ENABLE_DEBUG_INFO = INCLUDE_SOURCE;
				MTL_FAST_MATH = YES;
				ONLY_ACTIVE_ARCH = YES;
				SDKROOT = iphoneos;
				SWIFT_ACTIVE_COMPILATION_CONDITIONS = "DEBUG $(inherited)";
				SWIFT_OPTIMIZATION_LEVEL = "-Onone";
			};
			name = Debug;
		};
		CED99ABD2BB5FC100071055A /* Release */ = {
			isa = XCBuildConfiguration;
			buildSettings = {
				ALWAYS_SEARCH_USER_PATHS = NO;
				ASSETCATALOG_COMPILER_GENERATE_SWIFT_ASSET_SYMBOL_EXTENSIONS = YES;
				CLANG_ANALYZER_NONNULL = YES;
				CLANG_ANALYZER_NUMBER_OBJECT_CONVERSION = YES_AGGRESSIVE;
				CLANG_CXX_LANGUAGE_STANDARD = "gnu++20";
				CLANG_ENABLE_MODULES = YES;
				CLANG_ENABLE_OBJC_ARC = YES;
				CLANG_ENABLE_OBJC_WEAK = YES;
				CLANG_WARN_BLOCK_CAPTURE_AUTORELEASING = YES;
				CLANG_WARN_BOOL_CONVERSION = YES;
				CLANG_WARN_COMMA = YES;
				CLANG_WARN_CONSTANT_CONVERSION = YES;
				CLANG_WARN_DEPRECATED_OBJC_IMPLEMENTATIONS = YES;
				CLANG_WARN_DIRECT_OBJC_ISA_USAGE = YES_ERROR;
				CLANG_WARN_DOCUMENTATION_COMMENTS = YES;
				CLANG_WARN_EMPTY_BODY = YES;
				CLANG_WARN_ENUM_CONVERSION = YES;
				CLANG_WARN_INFINITE_RECURSION = YES;
				CLANG_WARN_INT_CONVERSION = YES;
				CLANG_WARN_NON_LITERAL_NULL_CONVERSION = YES;
				CLANG_WARN_OBJC_IMPLICIT_RETAIN_SELF = YES;
				CLANG_WARN_OBJC_LITERAL_CONVERSION = YES;
				CLANG_WARN_OBJC_ROOT_CLASS = YES_ERROR;
				CLANG_WARN_QUOTED_INCLUDE_IN_FRAMEWORK_HEADER = YES;
				CLANG_WARN_RANGE_LOOP_ANALYSIS = YES;
				CLANG_WARN_STRICT_PROTOTYPES = YES;
				CLANG_WARN_SUSPICIOUS_MOVE = YES;
				CLANG_WARN_UNGUARDED_AVAILABILITY = YES_AGGRESSIVE;
				CLANG_WARN_UNREACHABLE_CODE = YES;
				CLANG_WARN__DUPLICATE_METHOD_MATCH = YES;
				COPY_PHASE_STRIP = NO;
				DEBUG_INFORMATION_FORMAT = "dwarf-with-dsym";
				ENABLE_NS_ASSERTIONS = NO;
				ENABLE_STRICT_OBJC_MSGSEND = YES;
				ENABLE_USER_SCRIPT_SANDBOXING = YES;
				GCC_C_LANGUAGE_STANDARD = gnu17;
				GCC_NO_COMMON_BLOCKS = YES;
				GCC_WARN_64_TO_32_BIT_CONVERSION = YES;
				GCC_WARN_ABOUT_RETURN_TYPE = YES_ERROR;
				GCC_WARN_UNDECLARED_SELECTOR = YES;
				GCC_WARN_UNINITIALIZED_AUTOS = YES_AGGRESSIVE;
				GCC_WARN_UNUSED_FUNCTION = YES;
				GCC_WARN_UNUSED_VARIABLE = YES;
				IPHONEOS_DEPLOYMENT_TARGET = 17.4;
				LOCALIZATION_PREFERS_STRING_CATALOGS = YES;
				MTL_ENABLE_DEBUG_INFO = NO;
				MTL_FAST_MATH = YES;
				SDKROOT = iphoneos;
				SWIFT_COMPILATION_MODE = wholemodule;
				VALIDATE_PRODUCT = YES;
			};
			name = Release;
		};
		CED99ABF2BB5FC100071055A /* Debug */ = {
			isa = XCBuildConfiguration;
			buildSettings = {
				ASSETCATALOG_COMPILER_APPICON_NAME = AppIcon;
				ASSETCATALOG_COMPILER_GLOBAL_ACCENT_COLOR_NAME = AccentColor;
				CODE_SIGN_STYLE = Automatic;
				CURRENT_PROJECT_VERSION = 1;
				DEVELOPMENT_TEAM = HPRG3P9AYY;
				GENERATE_INFOPLIST_FILE = YES;
				INFOPLIST_FILE = "Finance App/Info.plist";
				INFOPLIST_KEY_UIApplicationSupportsIndirectInputEvents = YES;
				INFOPLIST_KEY_UILaunchStoryboardName = LaunchScreen;
				INFOPLIST_KEY_UIMainStoryboardFile = Main;
				INFOPLIST_KEY_UISupportedInterfaceOrientations_iPad = "UIInterfaceOrientationPortrait UIInterfaceOrientationPortraitUpsideDown UIInterfaceOrientationLandscapeLeft UIInterfaceOrientationLandscapeRight";
				INFOPLIST_KEY_UISupportedInterfaceOrientations_iPhone = "UIInterfaceOrientationPortrait UIInterfaceOrientationLandscapeLeft UIInterfaceOrientationLandscapeRight";
				LD_RUNPATH_SEARCH_PATHS = (
					"$(inherited)",
					"@executable_path/Frameworks",
				);
				MARKETING_VERSION = 1.0;
				PRODUCT_BUNDLE_IDENTIFIER = "home.Finance-App";
				PRODUCT_NAME = "$(TARGET_NAME)";
				SWIFT_EMIT_LOC_STRINGS = YES;
				SWIFT_VERSION = 5.0;
				TARGETED_DEVICE_FAMILY = "1,2";
			};
			name = Debug;
		};
		CED99AC02BB5FC100071055A /* Release */ = {
			isa = XCBuildConfiguration;
			buildSettings = {
				ASSETCATALOG_COMPILER_APPICON_NAME = AppIcon;
				ASSETCATALOG_COMPILER_GLOBAL_ACCENT_COLOR_NAME = AccentColor;
				CODE_SIGN_STYLE = Automatic;
				CURRENT_PROJECT_VERSION = 1;
				DEVELOPMENT_TEAM = HPRG3P9AYY;
				GENERATE_INFOPLIST_FILE = YES;
				INFOPLIST_FILE = "Finance App/Info.plist";
				INFOPLIST_KEY_UIApplicationSupportsIndirectInputEvents = YES;
				INFOPLIST_KEY_UILaunchStoryboardName = LaunchScreen;
				INFOPLIST_KEY_UIMainStoryboardFile = Main;
				INFOPLIST_KEY_UISupportedInterfaceOrientations_iPad = "UIInterfaceOrientationPortrait UIInterfaceOrientationPortraitUpsideDown UIInterfaceOrientationLandscapeLeft UIInterfaceOrientationLandscapeRight";
				INFOPLIST_KEY_UISupportedInterfaceOrientations_iPhone = "UIInterfaceOrientationPortrait UIInterfaceOrientationLandscapeLeft UIInterfaceOrientationLandscapeRight";
				LD_RUNPATH_SEARCH_PATHS = (
					"$(inherited)",
					"@executable_path/Frameworks",
				);
				MARKETING_VERSION = 1.0;
				PRODUCT_BUNDLE_IDENTIFIER = "home.Finance-App";
				PRODUCT_NAME = "$(TARGET_NAME)";
				SWIFT_EMIT_LOC_STRINGS = YES;
				SWIFT_VERSION = 5.0;
				TARGETED_DEVICE_FAMILY = "1,2";
			};
			name = Release;
		};
/* End XCBuildConfiguration section */

/* Begin XCConfigurationList section */
		CED99AA52BB5FC0E0071055A /* Build configuration list for PBXProject "Finance App" */ = {
			isa = XCConfigurationList;
			buildConfigurations = (
				CED99ABC2BB5FC100071055A /* Debug */,
				CED99ABD2BB5FC100071055A /* Release */,
			);
			defaultConfigurationIsVisible = 0;
			defaultConfigurationName = Release;
		};
		CED99ABE2BB5FC100071055A /* Build configuration list for PBXNativeTarget "Finance App" */ = {
			isa = XCConfigurationList;
			buildConfigurations = (
				CED99ABF2BB5FC100071055A /* Debug */,
				CED99AC02BB5FC100071055A /* Release */,
			);
			defaultConfigurationIsVisible = 0;
			defaultConfigurationName = Release;
		};
/* End XCConfigurationList section */
	};
	rootObject = CED99AA22BB5FC0E0071055A /* Project object */;
}
